// !$*UTF8*$!
{
	archiveVersion = 1;
	classes = {
	};
	objectVersion = 55;
	objects = {

/* Begin PBXBuildFile section */
		34011A40277330D80006EE53 /* MeaningDetailViewModel.swift in Sources */ = {isa = PBXBuildFile; fileRef = 34011A3F277330D80006EE53 /* MeaningDetailViewModel.swift */; };
		34125116276D6CFC007F2DFD /* Colors.swift in Sources */ = {isa = PBXBuildFile; fileRef = 34125115276D6CFC007F2DFD /* Colors.swift */; };
		34125118276D6D3C007F2DFD /* Word.swift in Sources */ = {isa = PBXBuildFile; fileRef = 34125117276D6D3C007F2DFD /* Word.swift */; };
		3412511A276D6D84007F2DFD /* UView+Extensions.swift in Sources */ = {isa = PBXBuildFile; fileRef = 34125119276D6D84007F2DFD /* UView+Extensions.swift */; };
		34125120276D6DF4007F2DFD /* TableViewModel.swift in Sources */ = {isa = PBXBuildFile; fileRef = 3412511F276D6DF4007F2DFD /* TableViewModel.swift */; };
		34125122276D6E1C007F2DFD /* SearchViewModel.swift in Sources */ = {isa = PBXBuildFile; fileRef = 34125121276D6E1C007F2DFD /* SearchViewModel.swift */; };
		34125126276D6E60007F2DFD /* RealmManager.swift in Sources */ = {isa = PBXBuildFile; fileRef = 34125125276D6E60007F2DFD /* RealmManager.swift */; };
		34125128276D6E79007F2DFD /* NetworkSearching.swift in Sources */ = {isa = PBXBuildFile; fileRef = 34125127276D6E79007F2DFD /* NetworkSearching.swift */; };
		3412512A276D6E95007F2DFD /* Networking.swift in Sources */ = {isa = PBXBuildFile; fileRef = 34125129276D6E95007F2DFD /* Networking.swift */; };
		3412512C276D6EB4007F2DFD /* NetworkDataRequest.swift in Sources */ = {isa = PBXBuildFile; fileRef = 3412512B276D6EB4007F2DFD /* NetworkDataRequest.swift */; };
		3412512E276D6ECE007F2DFD /* MeaningHeader.swift in Sources */ = {isa = PBXBuildFile; fileRef = 3412512D276D6ECE007F2DFD /* MeaningHeader.swift */; };
		34125130276D6EEF007F2DFD /* MeaningCell.swift in Sources */ = {isa = PBXBuildFile; fileRef = 3412512F276D6EEF007F2DFD /* MeaningCell.swift */; };
		34125134276D6F2A007F2DFD /* ImageRequest.swift in Sources */ = {isa = PBXBuildFile; fileRef = 34125133276D6F2A007F2DFD /* ImageRequest.swift */; };
		34125136276D6F40007F2DFD /* ImageFetching.swift in Sources */ = {isa = PBXBuildFile; fileRef = 34125135276D6F40007F2DFD /* ImageFetching.swift */; };
		34125138276D6F57007F2DFD /* ImageFetcher.swift in Sources */ = {isa = PBXBuildFile; fileRef = 34125137276D6F57007F2DFD /* ImageFetcher.swift */; };
		3412513A276D6F70007F2DFD /* FileStoreManaging.swift in Sources */ = {isa = PBXBuildFile; fileRef = 34125139276D6F70007F2DFD /* FileStoreManaging.swift */; };
		3412513C276D6F90007F2DFD /* FileStoreManager.swift in Sources */ = {isa = PBXBuildFile; fileRef = 3412513B276D6F90007F2DFD /* FileStoreManager.swift */; };
		3412513F276D704C007F2DFD /* Realm in Frameworks */ = {isa = PBXBuildFile; productRef = 3412513E276D704C007F2DFD /* Realm */; };
		34125141276D704C007F2DFD /* RealmSwift in Frameworks */ = {isa = PBXBuildFile; productRef = 34125140276D704C007F2DFD /* RealmSwift */; };
		34125143276D70FF007F2DFD /* BackgroundView.swift in Sources */ = {isa = PBXBuildFile; fileRef = 34125142276D70FF007F2DFD /* BackgroundView.swift */; };
		34125145276D712F007F2DFD /* ApiService.swift in Sources */ = {isa = PBXBuildFile; fileRef = 34125144276D712F007F2DFD /* ApiService.swift */; };
		34125147276D71A1007F2DFD /* SearchRequest.swift in Sources */ = {isa = PBXBuildFile; fileRef = 34125146276D71A1007F2DFD /* SearchRequest.swift */; };
		34125152276D760B007F2DFD /* SectionViewModel.swift in Sources */ = {isa = PBXBuildFile; fileRef = 34125151276D760B007F2DFD /* SectionViewModel.swift */; };
		34125155276D77C3007F2DFD /* MeaningSectionViewModel.swift in Sources */ = {isa = PBXBuildFile; fileRef = 34125154276D77C2007F2DFD /* MeaningSectionViewModel.swift */; };
		34125157276D91CB007F2DFD /* MeaningsHeaderViewModel.swift in Sources */ = {isa = PBXBuildFile; fileRef = 34125156276D91CB007F2DFD /* MeaningsHeaderViewModel.swift */; };
		34125159276D9208007F2DFD /* MeaningViewModel.swift in Sources */ = {isa = PBXBuildFile; fileRef = 34125158276D9208007F2DFD /* MeaningViewModel.swift */; };
		3412515B276D9632007F2DFD /* ViewModelConfigurable.swift in Sources */ = {isa = PBXBuildFile; fileRef = 3412515A276D9632007F2DFD /* ViewModelConfigurable.swift */; };
		3412515D276D96C3007F2DFD /* ReuseIdentifiable.swift in Sources */ = {isa = PBXBuildFile; fileRef = 3412515C276D96C3007F2DFD /* ReuseIdentifiable.swift */; };
		34125160276DD5BA007F2DFD /* SectionBuilding.swift in Sources */ = {isa = PBXBuildFile; fileRef = 3412515F276DD5BA007F2DFD /* SectionBuilding.swift */; };
		344C7DE1276B5C05005B72C4 /* AppDelegate.swift in Sources */ = {isa = PBXBuildFile; fileRef = 344C7DE0276B5C05005B72C4 /* AppDelegate.swift */; };
		344C7DE3276B5C05005B72C4 /* SceneDelegate.swift in Sources */ = {isa = PBXBuildFile; fileRef = 344C7DE2276B5C05005B72C4 /* SceneDelegate.swift */; };
		344C7DE5276B5C05005B72C4 /* SearchViewController.swift in Sources */ = {isa = PBXBuildFile; fileRef = 344C7DE4276B5C05005B72C4 /* SearchViewController.swift */; };
		344C7DEA276B5C06005B72C4 /* Assets.xcassets in Resources */ = {isa = PBXBuildFile; fileRef = 344C7DE9276B5C06005B72C4 /* Assets.xcassets */; };
		344C7DED276B5C06005B72C4 /* LaunchScreen.storyboard in Resources */ = {isa = PBXBuildFile; fileRef = 344C7DEB276B5C06005B72C4 /* LaunchScreen.storyboard */; };
		344C7DF8276B5C06005B72C4 /* SkyengApiDemoTests.swift in Sources */ = {isa = PBXBuildFile; fileRef = 344C7DF7276B5C06005B72C4 /* SkyengApiDemoTests.swift */; };
		344C7E02276B5C06005B72C4 /* SkyengApiDemoUITests.swift in Sources */ = {isa = PBXBuildFile; fileRef = 344C7E01276B5C06005B72C4 /* SkyengApiDemoUITests.swift */; };
		344C7E04276B5C06005B72C4 /* SkyengApiDemoUITestsLaunchTests.swift in Sources */ = {isa = PBXBuildFile; fileRef = 344C7E03276B5C06005B72C4 /* SkyengApiDemoUITestsLaunchTests.swift */; };
		34E6A9A52772ED3000F5BD23 /* MeaningDetailViewController.swift in Sources */ = {isa = PBXBuildFile; fileRef = 34E6A9A42772ED3000F5BD23 /* MeaningDetailViewController.swift */; };
		34E797D7276F24B900BBAC29 /* String+Extension.swift in Sources */ = {isa = PBXBuildFile; fileRef = 34E797D6276F24B900BBAC29 /* String+Extension.swift */; };
		34F5C482276F695E00EDE50B /* RealmManagable.swift in Sources */ = {isa = PBXBuildFile; fileRef = 34F5C481276F695E00EDE50B /* RealmManagable.swift */; };
		34F5C485276F6DDB00EDE50B /* DataImporter.swift in Sources */ = {isa = PBXBuildFile; fileRef = 34F5C484276F6DDB00EDE50B /* DataImporter.swift */; };
/* End PBXBuildFile section */

/* Begin PBXContainerItemProxy section */
		344C7DF4276B5C06005B72C4 /* PBXContainerItemProxy */ = {
			isa = PBXContainerItemProxy;
			containerPortal = 344C7DD5276B5C05005B72C4 /* Project object */;
			proxyType = 1;
			remoteGlobalIDString = 344C7DDC276B5C05005B72C4;
			remoteInfo = SkyengApiDemo;
		};
		344C7DFE276B5C06005B72C4 /* PBXContainerItemProxy */ = {
			isa = PBXContainerItemProxy;
			containerPortal = 344C7DD5276B5C05005B72C4 /* Project object */;
			proxyType = 1;
			remoteGlobalIDString = 344C7DDC276B5C05005B72C4;
			remoteInfo = SkyengApiDemo;
		};
/* End PBXContainerItemProxy section */

/* Begin PBXFileReference section */
		34011A3F277330D80006EE53 /* MeaningDetailViewModel.swift */ = {isa = PBXFileReference; lastKnownFileType = sourcecode.swift; path = MeaningDetailViewModel.swift; sourceTree = "<group>"; };
		34125115276D6CFC007F2DFD /* Colors.swift */ = {isa = PBXFileReference; lastKnownFileType = sourcecode.swift; path = Colors.swift; sourceTree = "<group>"; };
		34125117276D6D3C007F2DFD /* Word.swift */ = {isa = PBXFileReference; lastKnownFileType = sourcecode.swift; path = Word.swift; sourceTree = "<group>"; };
		34125119276D6D84007F2DFD /* UView+Extensions.swift */ = {isa = PBXFileReference; lastKnownFileType = sourcecode.swift; path = "UView+Extensions.swift"; sourceTree = "<group>"; };
		3412511F276D6DF4007F2DFD /* TableViewModel.swift */ = {isa = PBXFileReference; lastKnownFileType = sourcecode.swift; path = TableViewModel.swift; sourceTree = "<group>"; };
		34125121276D6E1C007F2DFD /* SearchViewModel.swift */ = {isa = PBXFileReference; lastKnownFileType = sourcecode.swift; path = SearchViewModel.swift; sourceTree = "<group>"; };
		34125125276D6E60007F2DFD /* RealmManager.swift */ = {isa = PBXFileReference; lastKnownFileType = sourcecode.swift; path = RealmManager.swift; sourceTree = "<group>"; };
		34125127276D6E79007F2DFD /* NetworkSearching.swift */ = {isa = PBXFileReference; lastKnownFileType = sourcecode.swift; path = NetworkSearching.swift; sourceTree = "<group>"; };
		34125129276D6E95007F2DFD /* Networking.swift */ = {isa = PBXFileReference; lastKnownFileType = sourcecode.swift; path = Networking.swift; sourceTree = "<group>"; };
		3412512B276D6EB4007F2DFD /* NetworkDataRequest.swift */ = {isa = PBXFileReference; lastKnownFileType = sourcecode.swift; path = NetworkDataRequest.swift; sourceTree = "<group>"; };
		3412512D276D6ECE007F2DFD /* MeaningHeader.swift */ = {isa = PBXFileReference; lastKnownFileType = sourcecode.swift; path = MeaningHeader.swift; sourceTree = "<group>"; };
		3412512F276D6EEF007F2DFD /* MeaningCell.swift */ = {isa = PBXFileReference; lastKnownFileType = sourcecode.swift; path = MeaningCell.swift; sourceTree = "<group>"; };
		34125133276D6F2A007F2DFD /* ImageRequest.swift */ = {isa = PBXFileReference; lastKnownFileType = sourcecode.swift; path = ImageRequest.swift; sourceTree = "<group>"; };
		34125135276D6F40007F2DFD /* ImageFetching.swift */ = {isa = PBXFileReference; lastKnownFileType = sourcecode.swift; path = ImageFetching.swift; sourceTree = "<group>"; };
		34125137276D6F57007F2DFD /* ImageFetcher.swift */ = {isa = PBXFileReference; lastKnownFileType = sourcecode.swift; path = ImageFetcher.swift; sourceTree = "<group>"; };
		34125139276D6F70007F2DFD /* FileStoreManaging.swift */ = {isa = PBXFileReference; lastKnownFileType = sourcecode.swift; path = FileStoreManaging.swift; sourceTree = "<group>"; };
		3412513B276D6F90007F2DFD /* FileStoreManager.swift */ = {isa = PBXFileReference; lastKnownFileType = sourcecode.swift; path = FileStoreManager.swift; sourceTree = "<group>"; };
		34125142276D70FF007F2DFD /* BackgroundView.swift */ = {isa = PBXFileReference; lastKnownFileType = sourcecode.swift; path = BackgroundView.swift; sourceTree = "<group>"; };
		34125144276D712F007F2DFD /* ApiService.swift */ = {isa = PBXFileReference; lastKnownFileType = sourcecode.swift; path = ApiService.swift; sourceTree = "<group>"; };
		34125146276D71A1007F2DFD /* SearchRequest.swift */ = {isa = PBXFileReference; lastKnownFileType = sourcecode.swift; path = SearchRequest.swift; sourceTree = "<group>"; };
		34125151276D760B007F2DFD /* SectionViewModel.swift */ = {isa = PBXFileReference; lastKnownFileType = sourcecode.swift; path = SectionViewModel.swift; sourceTree = "<group>"; };
		34125154276D77C2007F2DFD /* MeaningSectionViewModel.swift */ = {isa = PBXFileReference; lastKnownFileType = sourcecode.swift; path = MeaningSectionViewModel.swift; sourceTree = "<group>"; };
		34125156276D91CB007F2DFD /* MeaningsHeaderViewModel.swift */ = {isa = PBXFileReference; lastKnownFileType = sourcecode.swift; path = MeaningsHeaderViewModel.swift; sourceTree = "<group>"; };
		34125158276D9208007F2DFD /* MeaningViewModel.swift */ = {isa = PBXFileReference; lastKnownFileType = sourcecode.swift; path = MeaningViewModel.swift; sourceTree = "<group>"; };
		3412515A276D9632007F2DFD /* ViewModelConfigurable.swift */ = {isa = PBXFileReference; lastKnownFileType = sourcecode.swift; path = ViewModelConfigurable.swift; sourceTree = "<group>"; };
		3412515C276D96C3007F2DFD /* ReuseIdentifiable.swift */ = {isa = PBXFileReference; lastKnownFileType = sourcecode.swift; path = ReuseIdentifiable.swift; sourceTree = "<group>"; };
		3412515F276DD5BA007F2DFD /* SectionBuilding.swift */ = {isa = PBXFileReference; lastKnownFileType = sourcecode.swift; path = SectionBuilding.swift; sourceTree = "<group>"; };
		344C7DDD276B5C05005B72C4 /* SkyengApiDemo.app */ = {isa = PBXFileReference; explicitFileType = wrapper.application; includeInIndex = 0; path = SkyengApiDemo.app; sourceTree = BUILT_PRODUCTS_DIR; };
		344C7DE0276B5C05005B72C4 /* AppDelegate.swift */ = {isa = PBXFileReference; lastKnownFileType = sourcecode.swift; path = AppDelegate.swift; sourceTree = "<group>"; };
		344C7DE2276B5C05005B72C4 /* SceneDelegate.swift */ = {isa = PBXFileReference; lastKnownFileType = sourcecode.swift; path = SceneDelegate.swift; sourceTree = "<group>"; };
		344C7DE4276B5C05005B72C4 /* SearchViewController.swift */ = {isa = PBXFileReference; lastKnownFileType = sourcecode.swift; path = SearchViewController.swift; sourceTree = "<group>"; };
		344C7DE9276B5C06005B72C4 /* Assets.xcassets */ = {isa = PBXFileReference; lastKnownFileType = folder.assetcatalog; path = Assets.xcassets; sourceTree = "<group>"; };
		344C7DEC276B5C06005B72C4 /* Base */ = {isa = PBXFileReference; lastKnownFileType = file.storyboard; name = Base; path = Base.lproj/LaunchScreen.storyboard; sourceTree = "<group>"; };
		344C7DEE276B5C06005B72C4 /* Info.plist */ = {isa = PBXFileReference; lastKnownFileType = text.plist.xml; path = Info.plist; sourceTree = "<group>"; };
		344C7DF3276B5C06005B72C4 /* SkyengApiDemoTests.xctest */ = {isa = PBXFileReference; explicitFileType = wrapper.cfbundle; includeInIndex = 0; path = SkyengApiDemoTests.xctest; sourceTree = BUILT_PRODUCTS_DIR; };
		344C7DF7276B5C06005B72C4 /* SkyengApiDemoTests.swift */ = {isa = PBXFileReference; lastKnownFileType = sourcecode.swift; path = SkyengApiDemoTests.swift; sourceTree = "<group>"; };
		344C7DFD276B5C06005B72C4 /* SkyengApiDemoUITests.xctest */ = {isa = PBXFileReference; explicitFileType = wrapper.cfbundle; includeInIndex = 0; path = SkyengApiDemoUITests.xctest; sourceTree = BUILT_PRODUCTS_DIR; };
		344C7E01276B5C06005B72C4 /* SkyengApiDemoUITests.swift */ = {isa = PBXFileReference; lastKnownFileType = sourcecode.swift; path = SkyengApiDemoUITests.swift; sourceTree = "<group>"; };
		344C7E03276B5C06005B72C4 /* SkyengApiDemoUITestsLaunchTests.swift */ = {isa = PBXFileReference; lastKnownFileType = sourcecode.swift; path = SkyengApiDemoUITestsLaunchTests.swift; sourceTree = "<group>"; };
		34E6A9A42772ED3000F5BD23 /* MeaningDetailViewController.swift */ = {isa = PBXFileReference; lastKnownFileType = sourcecode.swift; path = MeaningDetailViewController.swift; sourceTree = "<group>"; };
		34E797D6276F24B900BBAC29 /* String+Extension.swift */ = {isa = PBXFileReference; lastKnownFileType = sourcecode.swift; path = "String+Extension.swift"; sourceTree = "<group>"; };
		34F5C481276F695E00EDE50B /* RealmManagable.swift */ = {isa = PBXFileReference; lastKnownFileType = sourcecode.swift; path = RealmManagable.swift; sourceTree = "<group>"; };
		34F5C484276F6DDB00EDE50B /* DataImporter.swift */ = {isa = PBXFileReference; lastKnownFileType = sourcecode.swift; path = DataImporter.swift; sourceTree = "<group>"; };
/* End PBXFileReference section */

/* Begin PBXFrameworksBuildPhase section */
		344C7DDA276B5C05005B72C4 /* Frameworks */ = {
			isa = PBXFrameworksBuildPhase;
			buildActionMask = 2147483647;
			files = (
				34125141276D704C007F2DFD /* RealmSwift in Frameworks */,
				3412513F276D704C007F2DFD /* Realm in Frameworks */,
			);
			runOnlyForDeploymentPostprocessing = 0;
		};
		344C7DF0276B5C06005B72C4 /* Frameworks */ = {
			isa = PBXFrameworksBuildPhase;
			buildActionMask = 2147483647;
			files = (
			);
			runOnlyForDeploymentPostprocessing = 0;
		};
		344C7DFA276B5C06005B72C4 /* Frameworks */ = {
			isa = PBXFrameworksBuildPhase;
			buildActionMask = 2147483647;
			files = (
			);
			runOnlyForDeploymentPostprocessing = 0;
		};
/* End PBXFrameworksBuildPhase section */

/* Begin PBXGroup section */
		34011A3A277328F90006EE53 /* ViewModels */ = {
			isa = PBXGroup;
			children = (
			);
			path = ViewModels;
			sourceTree = "<group>";
		};
		34125148276D7234007F2DFD /* Extensions */ = {
			isa = PBXGroup;
			children = (
				34125119276D6D84007F2DFD /* UView+Extensions.swift */,
				34E797D6276F24B900BBAC29 /* String+Extension.swift */,
			);
			path = Extensions;
			sourceTree = "<group>";
		};
		34125149276D7241007F2DFD /* Networking */ = {
			isa = PBXGroup;
			children = (
				34125144276D712F007F2DFD /* ApiService.swift */,
				34125127276D6E79007F2DFD /* NetworkSearching.swift */,
				34125129276D6E95007F2DFD /* Networking.swift */,
				3412512B276D6EB4007F2DFD /* NetworkDataRequest.swift */,
				34125135276D6F40007F2DFD /* ImageFetching.swift */,
				34125137276D6F57007F2DFD /* ImageFetcher.swift */,
			);
			path = Networking;
			sourceTree = "<group>";
		};
		3412514A276D7274007F2DFD /* Persistence */ = {
			isa = PBXGroup;
			children = (
				34125139276D6F70007F2DFD /* FileStoreManaging.swift */,
				3412513B276D6F90007F2DFD /* FileStoreManager.swift */,
				34125125276D6E60007F2DFD /* RealmManager.swift */,
			);
			path = Persistence;
			sourceTree = "<group>";
		};
		3412514B276D7293007F2DFD /* Search */ = {
			isa = PBXGroup;
			children = (
				3412514E276D72B3007F2DFD /* ViewModels */,
				3412514C276D72A8007F2DFD /* Models */,
				3412514F276D72BB007F2DFD /* Views */,
			);
			path = Search;
			sourceTree = "<group>";
		};
		3412514C276D72A8007F2DFD /* Models */ = {
			isa = PBXGroup;
			children = (
				34F5C483276F69A600EDE50B /* Protocols */,
				34125117276D6D3C007F2DFD /* Word.swift */,
				34125133276D6F2A007F2DFD /* ImageRequest.swift */,
				34125146276D71A1007F2DFD /* SearchRequest.swift */,
			);
			path = Models;
			sourceTree = "<group>";
		};
		3412514E276D72B3007F2DFD /* ViewModels */ = {
			isa = PBXGroup;
			children = (
				34125153276D77A9007F2DFD /* Protocols */,
				34125121276D6E1C007F2DFD /* SearchViewModel.swift */,
				34125154276D77C2007F2DFD /* MeaningSectionViewModel.swift */,
				34125158276D9208007F2DFD /* MeaningViewModel.swift */,
				34125156276D91CB007F2DFD /* MeaningsHeaderViewModel.swift */,
			);
			path = ViewModels;
			sourceTree = "<group>";
		};
		3412514F276D72BB007F2DFD /* Views */ = {
			isa = PBXGroup;
			children = (
				3412515E276D96FF007F2DFD /* Protocols */,
				344C7DE4276B5C05005B72C4 /* SearchViewController.swift */,
				34125142276D70FF007F2DFD /* BackgroundView.swift */,
				3412512D276D6ECE007F2DFD /* MeaningHeader.swift */,
				3412512F276D6EEF007F2DFD /* MeaningCell.swift */,
			);
			path = Views;
			sourceTree = "<group>";
		};
		34125150276D7349007F2DFD /* Globals */ = {
			isa = PBXGroup;
			children = (
				34125115276D6CFC007F2DFD /* Colors.swift */,
			);
			path = Globals;
			sourceTree = "<group>";
		};
		34125153276D77A9007F2DFD /* Protocols */ = {
			isa = PBXGroup;
			children = (
				3412511F276D6DF4007F2DFD /* TableViewModel.swift */,
				34125151276D760B007F2DFD /* SectionViewModel.swift */,
			);
			name = Protocols;
			sourceTree = "<group>";
		};
		3412515E276D96FF007F2DFD /* Protocols */ = {
			isa = PBXGroup;
			children = (
				3412515A276D9632007F2DFD /* ViewModelConfigurable.swift */,
				3412515C276D96C3007F2DFD /* ReuseIdentifiable.swift */,
			);
			path = Protocols;
			sourceTree = "<group>";
		};
		344C7DD4276B5C05005B72C4 = {
			isa = PBXGroup;
			children = (
				344C7DDF276B5C05005B72C4 /* SkyengApiDemo */,
				344C7DF6276B5C06005B72C4 /* SkyengApiDemoTests */,
				344C7E00276B5C06005B72C4 /* SkyengApiDemoUITests */,
				344C7DDE276B5C05005B72C4 /* Products */,
			);
			sourceTree = "<group>";
		};
		344C7DDE276B5C05005B72C4 /* Products */ = {
			isa = PBXGroup;
			children = (
				344C7DDD276B5C05005B72C4 /* SkyengApiDemo.app */,
				344C7DF3276B5C06005B72C4 /* SkyengApiDemoTests.xctest */,
				344C7DFD276B5C06005B72C4 /* SkyengApiDemoUITests.xctest */,
			);
			name = Products;
			sourceTree = "<group>";
		};
		344C7DDF276B5C05005B72C4 /* SkyengApiDemo */ = {
			isa = PBXGroup;
			children = (
				344C7DE0276B5C05005B72C4 /* AppDelegate.swift */,
				344C7DE2276B5C05005B72C4 /* SceneDelegate.swift */,
				34F5C480276F66F900EDE50B /* Helpers */,
				34125148276D7234007F2DFD /* Extensions */,
				34125150276D7349007F2DFD /* Globals */,
				3412514A276D7274007F2DFD /* Persistence */,
				34125149276D7241007F2DFD /* Networking */,
				34E6A9A22772ECF600F5BD23 /* Detail */,
				3412514B276D7293007F2DFD /* Search */,
				344C7DE9276B5C06005B72C4 /* Assets.xcassets */,
				344C7DEB276B5C06005B72C4 /* LaunchScreen.storyboard */,
				344C7DEE276B5C06005B72C4 /* Info.plist */,
			);
			path = SkyengApiDemo;
			sourceTree = "<group>";
		};
		344C7DF6276B5C06005B72C4 /* SkyengApiDemoTests */ = {
			isa = PBXGroup;
			children = (
				344C7DF7276B5C06005B72C4 /* SkyengApiDemoTests.swift */,
			);
			path = SkyengApiDemoTests;
			sourceTree = "<group>";
		};
		344C7E00276B5C06005B72C4 /* SkyengApiDemoUITests */ = {
			isa = PBXGroup;
			children = (
				344C7E01276B5C06005B72C4 /* SkyengApiDemoUITests.swift */,
				344C7E03276B5C06005B72C4 /* SkyengApiDemoUITestsLaunchTests.swift */,
			);
			path = SkyengApiDemoUITests;
			sourceTree = "<group>";
		};
		34E6A9A22772ECF600F5BD23 /* Detail */ = {
			isa = PBXGroup;
			children = (
				34011A3A277328F90006EE53 /* ViewModels */,
				34E6A9A32772ED0100F5BD23 /* Views */,
			);
			path = Detail;
			sourceTree = "<group>";
		};
		34E6A9A32772ED0100F5BD23 /* Views */ = {
			isa = PBXGroup;
			children = (
				34E6A9A42772ED3000F5BD23 /* MeaningDetailViewController.swift */,
				34011A3F277330D80006EE53 /* MeaningDetailViewModel.swift */,
			);
			path = Views;
			sourceTree = "<group>";
		};
		34F5C480276F66F900EDE50B /* Helpers */ = {
			isa = PBXGroup;
			children = (
				3412515F276DD5BA007F2DFD /* SectionBuilding.swift */,
				34F5C484276F6DDB00EDE50B /* DataImporter.swift */,
			);
			path = Helpers;
			sourceTree = "<group>";
		};
		34F5C483276F69A600EDE50B /* Protocols */ = {
			isa = PBXGroup;
			children = (
				34F5C481276F695E00EDE50B /* RealmManagable.swift */,
			);
			path = Protocols;
			sourceTree = "<group>";
		};
/* End PBXGroup section */

/* Begin PBXNativeTarget section */
		344C7DDC276B5C05005B72C4 /* SkyengApiDemo */ = {
			isa = PBXNativeTarget;
			buildConfigurationList = 344C7E07276B5C06005B72C4 /* Build configuration list for PBXNativeTarget "SkyengApiDemo" */;
			buildPhases = (
				344C7DD9276B5C05005B72C4 /* Sources */,
				344C7DDA276B5C05005B72C4 /* Frameworks */,
				344C7DDB276B5C05005B72C4 /* Resources */,
			);
			buildRules = (
			);
			dependencies = (
			);
			name = SkyengApiDemo;
			packageProductDependencies = (
				3412513E276D704C007F2DFD /* Realm */,
				34125140276D704C007F2DFD /* RealmSwift */,
			);
			productName = SkyengApiDemo;
			productReference = 344C7DDD276B5C05005B72C4 /* SkyengApiDemo.app */;
			productType = "com.apple.product-type.application";
		};
		344C7DF2276B5C06005B72C4 /* SkyengApiDemoTests */ = {
			isa = PBXNativeTarget;
			buildConfigurationList = 344C7E0A276B5C06005B72C4 /* Build configuration list for PBXNativeTarget "SkyengApiDemoTests" */;
			buildPhases = (
				344C7DEF276B5C06005B72C4 /* Sources */,
				344C7DF0276B5C06005B72C4 /* Frameworks */,
				344C7DF1276B5C06005B72C4 /* Resources */,
			);
			buildRules = (
			);
			dependencies = (
				344C7DF5276B5C06005B72C4 /* PBXTargetDependency */,
			);
			name = SkyengApiDemoTests;
			productName = SkyengApiDemoTests;
			productReference = 344C7DF3276B5C06005B72C4 /* SkyengApiDemoTests.xctest */;
			productType = "com.apple.product-type.bundle.unit-test";
		};
		344C7DFC276B5C06005B72C4 /* SkyengApiDemoUITests */ = {
			isa = PBXNativeTarget;
			buildConfigurationList = 344C7E0D276B5C06005B72C4 /* Build configuration list for PBXNativeTarget "SkyengApiDemoUITests" */;
			buildPhases = (
				344C7DF9276B5C06005B72C4 /* Sources */,
				344C7DFA276B5C06005B72C4 /* Frameworks */,
				344C7DFB276B5C06005B72C4 /* Resources */,
			);
			buildRules = (
			);
			dependencies = (
				344C7DFF276B5C06005B72C4 /* PBXTargetDependency */,
			);
			name = SkyengApiDemoUITests;
			productName = SkyengApiDemoUITests;
			productReference = 344C7DFD276B5C06005B72C4 /* SkyengApiDemoUITests.xctest */;
			productType = "com.apple.product-type.bundle.ui-testing";
		};
/* End PBXNativeTarget section */

/* Begin PBXProject section */
		344C7DD5276B5C05005B72C4 /* Project object */ = {
			isa = PBXProject;
			attributes = {
				BuildIndependentTargetsInParallel = 1;
				LastSwiftUpdateCheck = 1320;
				LastUpgradeCheck = 1320;
				TargetAttributes = {
					344C7DDC276B5C05005B72C4 = {
						CreatedOnToolsVersion = 13.2;
					};
					344C7DF2276B5C06005B72C4 = {
						CreatedOnToolsVersion = 13.2;
						TestTargetID = 344C7DDC276B5C05005B72C4;
					};
					344C7DFC276B5C06005B72C4 = {
						CreatedOnToolsVersion = 13.2;
						TestTargetID = 344C7DDC276B5C05005B72C4;
					};
				};
			};
			buildConfigurationList = 344C7DD8276B5C05005B72C4 /* Build configuration list for PBXProject "SkyengApiDemo" */;
			compatibilityVersion = "Xcode 13.0";
			developmentRegion = en;
			hasScannedForEncodings = 0;
			knownRegions = (
				en,
				Base,
			);
			mainGroup = 344C7DD4276B5C05005B72C4;
			packageReferences = (
				3412513D276D704C007F2DFD /* XCRemoteSwiftPackageReference "realm-swift" */,
			);
			productRefGroup = 344C7DDE276B5C05005B72C4 /* Products */;
			projectDirPath = "";
			projectRoot = "";
			targets = (
				344C7DDC276B5C05005B72C4 /* SkyengApiDemo */,
				344C7DF2276B5C06005B72C4 /* SkyengApiDemoTests */,
				344C7DFC276B5C06005B72C4 /* SkyengApiDemoUITests */,
			);
		};
/* End PBXProject section */

/* Begin PBXResourcesBuildPhase section */
		344C7DDB276B5C05005B72C4 /* Resources */ = {
			isa = PBXResourcesBuildPhase;
			buildActionMask = 2147483647;
			files = (
				344C7DED276B5C06005B72C4 /* LaunchScreen.storyboard in Resources */,
				344C7DEA276B5C06005B72C4 /* Assets.xcassets in Resources */,
			);
			runOnlyForDeploymentPostprocessing = 0;
		};
		344C7DF1276B5C06005B72C4 /* Resources */ = {
			isa = PBXResourcesBuildPhase;
			buildActionMask = 2147483647;
			files = (
			);
			runOnlyForDeploymentPostprocessing = 0;
		};
		344C7DFB276B5C06005B72C4 /* Resources */ = {
			isa = PBXResourcesBuildPhase;
			buildActionMask = 2147483647;
			files = (
			);
			runOnlyForDeploymentPostprocessing = 0;
		};
/* End PBXResourcesBuildPhase section */

/* Begin PBXSourcesBuildPhase section */
		344C7DD9276B5C05005B72C4 /* Sources */ = {
			isa = PBXSourcesBuildPhase;
			buildActionMask = 2147483647;
			files = (
				3412511A276D6D84007F2DFD /* UView+Extensions.swift in Sources */,
				344C7DE5276B5C05005B72C4 /* SearchViewController.swift in Sources */,
				34125152276D760B007F2DFD /* SectionViewModel.swift in Sources */,
				3412513A276D6F70007F2DFD /* FileStoreManaging.swift in Sources */,
				34125116276D6CFC007F2DFD /* Colors.swift in Sources */,
				34125126276D6E60007F2DFD /* RealmManager.swift in Sources */,
				3412515B276D9632007F2DFD /* ViewModelConfigurable.swift in Sources */,
				34125118276D6D3C007F2DFD /* Word.swift in Sources */,
				34125159276D9208007F2DFD /* MeaningViewModel.swift in Sources */,
				34125155276D77C3007F2DFD /* MeaningSectionViewModel.swift in Sources */,
				34125134276D6F2A007F2DFD /* ImageRequest.swift in Sources */,
				344C7DE1276B5C05005B72C4 /* AppDelegate.swift in Sources */,
				34125160276DD5BA007F2DFD /* SectionBuilding.swift in Sources */,
				34125136276D6F40007F2DFD /* ImageFetching.swift in Sources */,
				34125122276D6E1C007F2DFD /* SearchViewModel.swift in Sources */,
				34E6A9A52772ED3000F5BD23 /* MeaningDetailViewController.swift in Sources */,
				34125120276D6DF4007F2DFD /* TableViewModel.swift in Sources */,
				34011A40277330D80006EE53 /* MeaningDetailViewModel.swift in Sources */,
				3412515D276D96C3007F2DFD /* ReuseIdentifiable.swift in Sources */,
				34125147276D71A1007F2DFD /* SearchRequest.swift in Sources */,
				3412512E276D6ECE007F2DFD /* MeaningHeader.swift in Sources */,
				34125128276D6E79007F2DFD /* NetworkSearching.swift in Sources */,
				34125145276D712F007F2DFD /* ApiService.swift in Sources */,
				3412512C276D6EB4007F2DFD /* NetworkDataRequest.swift in Sources */,
				34125130276D6EEF007F2DFD /* MeaningCell.swift in Sources */,
				34F5C482276F695E00EDE50B /* RealmManagable.swift in Sources */,
				34125157276D91CB007F2DFD /* MeaningsHeaderViewModel.swift in Sources */,
				34F5C485276F6DDB00EDE50B /* DataImporter.swift in Sources */,
				34125143276D70FF007F2DFD /* BackgroundView.swift in Sources */,
				34125138276D6F57007F2DFD /* ImageFetcher.swift in Sources */,
				344C7DE3276B5C05005B72C4 /* SceneDelegate.swift in Sources */,
				3412513C276D6F90007F2DFD /* FileStoreManager.swift in Sources */,
				34E797D7276F24B900BBAC29 /* String+Extension.swift in Sources */,
				3412512A276D6E95007F2DFD /* Networking.swift in Sources */,
			);
			runOnlyForDeploymentPostprocessing = 0;
		};
		344C7DEF276B5C06005B72C4 /* Sources */ = {
			isa = PBXSourcesBuildPhase;
			buildActionMask = 2147483647;
			files = (
				344C7DF8276B5C06005B72C4 /* SkyengApiDemoTests.swift in Sources */,
			);
			runOnlyForDeploymentPostprocessing = 0;
		};
		344C7DF9276B5C06005B72C4 /* Sources */ = {
			isa = PBXSourcesBuildPhase;
			buildActionMask = 2147483647;
			files = (
				344C7E02276B5C06005B72C4 /* SkyengApiDemoUITests.swift in Sources */,
				344C7E04276B5C06005B72C4 /* SkyengApiDemoUITestsLaunchTests.swift in Sources */,
			);
			runOnlyForDeploymentPostprocessing = 0;
		};
/* End PBXSourcesBuildPhase section */

/* Begin PBXTargetDependency section */
		344C7DF5276B5C06005B72C4 /* PBXTargetDependency */ = {
			isa = PBXTargetDependency;
			target = 344C7DDC276B5C05005B72C4 /* SkyengApiDemo */;
			targetProxy = 344C7DF4276B5C06005B72C4 /* PBXContainerItemProxy */;
		};
		344C7DFF276B5C06005B72C4 /* PBXTargetDependency */ = {
			isa = PBXTargetDependency;
			target = 344C7DDC276B5C05005B72C4 /* SkyengApiDemo */;
			targetProxy = 344C7DFE276B5C06005B72C4 /* PBXContainerItemProxy */;
		};
/* End PBXTargetDependency section */

/* Begin PBXVariantGroup section */
		344C7DEB276B5C06005B72C4 /* LaunchScreen.storyboard */ = {
			isa = PBXVariantGroup;
			children = (
				344C7DEC276B5C06005B72C4 /* Base */,
			);
			name = LaunchScreen.storyboard;
			sourceTree = "<group>";
		};
/* End PBXVariantGroup section */

/* Begin XCBuildConfiguration section */
		344C7E05276B5C06005B72C4 /* Debug */ = {
			isa = XCBuildConfiguration;
			buildSettings = {
				ALWAYS_SEARCH_USER_PATHS = NO;
				CLANG_ANALYZER_NONNULL = YES;
				CLANG_ANALYZER_NUMBER_OBJECT_CONVERSION = YES_AGGRESSIVE;
				CLANG_CXX_LANGUAGE_STANDARD = "gnu++17";
				CLANG_CXX_LIBRARY = "libc++";
				CLANG_ENABLE_MODULES = YES;
				CLANG_ENABLE_OBJC_ARC = YES;
				CLANG_ENABLE_OBJC_WEAK = YES;
				CLANG_WARN_BLOCK_CAPTURE_AUTORELEASING = YES;
				CLANG_WARN_BOOL_CONVERSION = YES;
				CLANG_WARN_COMMA = YES;
				CLANG_WARN_CONSTANT_CONVERSION = YES;
				CLANG_WARN_DEPRECATED_OBJC_IMPLEMENTATIONS = YES;
				CLANG_WARN_DIRECT_OBJC_ISA_USAGE = YES_ERROR;
				CLANG_WARN_DOCUMENTATION_COMMENTS = YES;
				CLANG_WARN_EMPTY_BODY = YES;
				CLANG_WARN_ENUM_CONVERSION = YES;
				CLANG_WARN_INFINITE_RECURSION = YES;
				CLANG_WARN_INT_CONVERSION = YES;
				CLANG_WARN_NON_LITERAL_NULL_CONVERSION = YES;
				CLANG_WARN_OBJC_IMPLICIT_RETAIN_SELF = YES;
				CLANG_WARN_OBJC_LITERAL_CONVERSION = YES;
				CLANG_WARN_OBJC_ROOT_CLASS = YES_ERROR;
				CLANG_WARN_QUOTED_INCLUDE_IN_FRAMEWORK_HEADER = YES;
				CLANG_WARN_RANGE_LOOP_ANALYSIS = YES;
				CLANG_WARN_STRICT_PROTOTYPES = YES;
				CLANG_WARN_SUSPICIOUS_MOVE = YES;
				CLANG_WARN_UNGUARDED_AVAILABILITY = YES_AGGRESSIVE;
				CLANG_WARN_UNREACHABLE_CODE = YES;
				CLANG_WARN__DUPLICATE_METHOD_MATCH = YES;
				COPY_PHASE_STRIP = NO;
				DEBUG_INFORMATION_FORMAT = dwarf;
				ENABLE_STRICT_OBJC_MSGSEND = YES;
				ENABLE_TESTABILITY = YES;
				GCC_C_LANGUAGE_STANDARD = gnu11;
				GCC_DYNAMIC_NO_PIC = NO;
				GCC_NO_COMMON_BLOCKS = YES;
				GCC_OPTIMIZATION_LEVEL = 0;
				GCC_PREPROCESSOR_DEFINITIONS = (
					"DEBUG=1",
					"$(inherited)",
				);
				GCC_WARN_64_TO_32_BIT_CONVERSION = YES;
				GCC_WARN_ABOUT_RETURN_TYPE = YES_ERROR;
				GCC_WARN_UNDECLARED_SELECTOR = YES;
				GCC_WARN_UNINITIALIZED_AUTOS = YES_AGGRESSIVE;
				GCC_WARN_UNUSED_FUNCTION = YES;
				GCC_WARN_UNUSED_VARIABLE = YES;
				IPHONEOS_DEPLOYMENT_TARGET = 15.2;
				MTL_ENABLE_DEBUG_INFO = INCLUDE_SOURCE;
				MTL_FAST_MATH = YES;
				ONLY_ACTIVE_ARCH = YES;
				SDKROOT = iphoneos;
				SWIFT_ACTIVE_COMPILATION_CONDITIONS = DEBUG;
				SWIFT_OPTIMIZATION_LEVEL = "-Onone";
			};
			name = Debug;
		};
		344C7E06276B5C06005B72C4 /* Release */ = {
			isa = XCBuildConfiguration;
			buildSettings = {
				ALWAYS_SEARCH_USER_PATHS = NO;
				CLANG_ANALYZER_NONNULL = YES;
				CLANG_ANALYZER_NUMBER_OBJECT_CONVERSION = YES_AGGRESSIVE;
				CLANG_CXX_LANGUAGE_STANDARD = "gnu++17";
				CLANG_CXX_LIBRARY = "libc++";
				CLANG_ENABLE_MODULES = YES;
				CLANG_ENABLE_OBJC_ARC = YES;
				CLANG_ENABLE_OBJC_WEAK = YES;
				CLANG_WARN_BLOCK_CAPTURE_AUTORELEASING = YES;
				CLANG_WARN_BOOL_CONVERSION = YES;
				CLANG_WARN_COMMA = YES;
				CLANG_WARN_CONSTANT_CONVERSION = YES;
				CLANG_WARN_DEPRECATED_OBJC_IMPLEMENTATIONS = YES;
				CLANG_WARN_DIRECT_OBJC_ISA_USAGE = YES_ERROR;
				CLANG_WARN_DOCUMENTATION_COMMENTS = YES;
				CLANG_WARN_EMPTY_BODY = YES;
				CLANG_WARN_ENUM_CONVERSION = YES;
				CLANG_WARN_INFINITE_RECURSION = YES;
				CLANG_WARN_INT_CONVERSION = YES;
				CLANG_WARN_NON_LITERAL_NULL_CONVERSION = YES;
				CLANG_WARN_OBJC_IMPLICIT_RETAIN_SELF = YES;
				CLANG_WARN_OBJC_LITERAL_CONVERSION = YES;
				CLANG_WARN_OBJC_ROOT_CLASS = YES_ERROR;
				CLANG_WARN_QUOTED_INCLUDE_IN_FRAMEWORK_HEADER = YES;
				CLANG_WARN_RANGE_LOOP_ANALYSIS = YES;
				CLANG_WARN_STRICT_PROTOTYPES = YES;
				CLANG_WARN_SUSPICIOUS_MOVE = YES;
				CLANG_WARN_UNGUARDED_AVAILABILITY = YES_AGGRESSIVE;
				CLANG_WARN_UNREACHABLE_CODE = YES;
				CLANG_WARN__DUPLICATE_METHOD_MATCH = YES;
				COPY_PHASE_STRIP = NO;
				DEBUG_INFORMATION_FORMAT = "dwarf-with-dsym";
				ENABLE_NS_ASSERTIONS = NO;
				ENABLE_STRICT_OBJC_MSGSEND = YES;
				GCC_C_LANGUAGE_STANDARD = gnu11;
				GCC_NO_COMMON_BLOCKS = YES;
				GCC_WARN_64_TO_32_BIT_CONVERSION = YES;
				GCC_WARN_ABOUT_RETURN_TYPE = YES_ERROR;
				GCC_WARN_UNDECLARED_SELECTOR = YES;
				GCC_WARN_UNINITIALIZED_AUTOS = YES_AGGRESSIVE;
				GCC_WARN_UNUSED_FUNCTION = YES;
				GCC_WARN_UNUSED_VARIABLE = YES;
				IPHONEOS_DEPLOYMENT_TARGET = 15.2;
				MTL_ENABLE_DEBUG_INFO = NO;
				MTL_FAST_MATH = YES;
				SDKROOT = iphoneos;
				SWIFT_COMPILATION_MODE = wholemodule;
				SWIFT_OPTIMIZATION_LEVEL = "-O";
				VALIDATE_PRODUCT = YES;
			};
			name = Release;
		};
		344C7E08276B5C06005B72C4 /* Debug */ = {
			isa = XCBuildConfiguration;
			buildSettings = {
				ASSETCATALOG_COMPILER_APPICON_NAME = AppIcon;
				ASSETCATALOG_COMPILER_GLOBAL_ACCENT_COLOR_NAME = AccentColor;
				CODE_SIGN_STYLE = Automatic;
				CURRENT_PROJECT_VERSION = 1;
				DEVELOPMENT_TEAM = 3Z6LFXP9G2;
				GENERATE_INFOPLIST_FILE = YES;
				INFOPLIST_FILE = SkyengApiDemo/Info.plist;
				INFOPLIST_KEY_UIApplicationSupportsIndirectInputEvents = YES;
				INFOPLIST_KEY_UILaunchStoryboardName = LaunchScreen;
				INFOPLIST_KEY_UISupportedInterfaceOrientations_iPad = "UIInterfaceOrientationPortrait UIInterfaceOrientationPortraitUpsideDown UIInterfaceOrientationLandscapeLeft UIInterfaceOrientationLandscapeRight";
				INFOPLIST_KEY_UISupportedInterfaceOrientations_iPhone = "UIInterfaceOrientationPortrait UIInterfaceOrientationLandscapeLeft UIInterfaceOrientationLandscapeRight";
				IPHONEOS_DEPLOYMENT_TARGET = 13.0;
				LD_RUNPATH_SEARCH_PATHS = (
					"$(inherited)",
					"@executable_path/Frameworks",
				);
				MARKETING_VERSION = 1.0;
				PRODUCT_BUNDLE_IDENTIFIER = com.SkyengApiDemo;
				PRODUCT_NAME = "$(TARGET_NAME)";
				SWIFT_EMIT_LOC_STRINGS = YES;
				SWIFT_VERSION = 5.0;
				TARGETED_DEVICE_FAMILY = 1;
			};
			name = Debug;
		};
		344C7E09276B5C06005B72C4 /* Release */ = {
			isa = XCBuildConfiguration;
			buildSettings = {
				ASSETCATALOG_COMPILER_APPICON_NAME = AppIcon;
				ASSETCATALOG_COMPILER_GLOBAL_ACCENT_COLOR_NAME = AccentColor;
				CODE_SIGN_STYLE = Automatic;
				CURRENT_PROJECT_VERSION = 1;
				DEVELOPMENT_TEAM = 3Z6LFXP9G2;
				GENERATE_INFOPLIST_FILE = YES;
				INFOPLIST_FILE = SkyengApiDemo/Info.plist;
				INFOPLIST_KEY_UIApplicationSupportsIndirectInputEvents = YES;
				INFOPLIST_KEY_UILaunchStoryboardName = LaunchScreen;
				INFOPLIST_KEY_UISupportedInterfaceOrientations_iPad = "UIInterfaceOrientationPortrait UIInterfaceOrientationPortraitUpsideDown UIInterfaceOrientationLandscapeLeft UIInterfaceOrientationLandscapeRight";
				INFOPLIST_KEY_UISupportedInterfaceOrientations_iPhone = "UIInterfaceOrientationPortrait UIInterfaceOrientationLandscapeLeft UIInterfaceOrientationLandscapeRight";
				IPHONEOS_DEPLOYMENT_TARGET = 13.0;
				LD_RUNPATH_SEARCH_PATHS = (
					"$(inherited)",
					"@executable_path/Frameworks",
				);
				MARKETING_VERSION = 1.0;
				PRODUCT_BUNDLE_IDENTIFIER = com.SkyengApiDemo;
				PRODUCT_NAME = "$(TARGET_NAME)";
				SWIFT_EMIT_LOC_STRINGS = YES;
				SWIFT_VERSION = 5.0;
				TARGETED_DEVICE_FAMILY = 1;
			};
			name = Release;
		};
		344C7E0B276B5C06005B72C4 /* Debug */ = {
			isa = XCBuildConfiguration;
			buildSettings = {
				ALWAYS_EMBED_SWIFT_STANDARD_LIBRARIES = YES;
				BUNDLE_LOADER = "$(TEST_HOST)";
				CODE_SIGN_STYLE = Automatic;
				CURRENT_PROJECT_VERSION = 1;
				DEVELOPMENT_TEAM = 3Z6LFXP9G2;
				GENERATE_INFOPLIST_FILE = YES;
				IPHONEOS_DEPLOYMENT_TARGET = 15.2;
				MARKETING_VERSION = 1.0;
				PRODUCT_BUNDLE_IDENTIFIER = com.SkyengApiDemoTests;
				PRODUCT_NAME = "$(TARGET_NAME)";
				SWIFT_EMIT_LOC_STRINGS = NO;
				SWIFT_VERSION = 5.0;
				TARGETED_DEVICE_FAMILY = "1,2";
				TEST_HOST = "$(BUILT_PRODUCTS_DIR)/SkyengApiDemo.app/SkyengApiDemo";
			};
			name = Debug;
		};
		344C7E0C276B5C06005B72C4 /* Release */ = {
			isa = XCBuildConfiguration;
			buildSettings = {
				ALWAYS_EMBED_SWIFT_STANDARD_LIBRARIES = YES;
				BUNDLE_LOADER = "$(TEST_HOST)";
				CODE_SIGN_STYLE = Automatic;
				CURRENT_PROJECT_VERSION = 1;
				DEVELOPMENT_TEAM = 3Z6LFXP9G2;
				GENERATE_INFOPLIST_FILE = YES;
				IPHONEOS_DEPLOYMENT_TARGET = 15.2;
				MARKETING_VERSION = 1.0;
				PRODUCT_BUNDLE_IDENTIFIER = com.SkyengApiDemoTests;
				PRODUCT_NAME = "$(TARGET_NAME)";
				SWIFT_EMIT_LOC_STRINGS = NO;
				SWIFT_VERSION = 5.0;
				TARGETED_DEVICE_FAMILY = "1,2";
				TEST_HOST = "$(BUILT_PRODUCTS_DIR)/SkyengApiDemo.app/SkyengApiDemo";
			};
			name = Release;
		};
		344C7E0E276B5C06005B72C4 /* Debug */ = {
			isa = XCBuildConfiguration;
			buildSettings = {
				ALWAYS_EMBED_SWIFT_STANDARD_LIBRARIES = YES;
				CODE_SIGN_STYLE = Automatic;
				CURRENT_PROJECT_VERSION = 1;
				DEVELOPMENT_TEAM = 3Z6LFXP9G2;
				GENERATE_INFOPLIST_FILE = YES;
				MARKETING_VERSION = 1.0;
				PRODUCT_BUNDLE_IDENTIFIER = com.SkyengApiDemoUITests;
				PRODUCT_NAME = "$(TARGET_NAME)";
				SWIFT_EMIT_LOC_STRINGS = NO;
				SWIFT_VERSION = 5.0;
				TARGETED_DEVICE_FAMILY = "1,2";
				TEST_TARGET_NAME = SkyengApiDemo;
			};
			name = Debug;
		};
		344C7E0F276B5C06005B72C4 /* Release */ = {
			isa = XCBuildConfiguration;
			buildSettings = {
				ALWAYS_EMBED_SWIFT_STANDARD_LIBRARIES = YES;
				CODE_SIGN_STYLE = Automatic;
				CURRENT_PROJECT_VERSION = 1;
				DEVELOPMENT_TEAM = 3Z6LFXP9G2;
				GENERATE_INFOPLIST_FILE = YES;
				MARKETING_VERSION = 1.0;
				PRODUCT_BUNDLE_IDENTIFIER = com.SkyengApiDemoUITests;
				PRODUCT_NAME = "$(TARGET_NAME)";
				SWIFT_EMIT_LOC_STRINGS = NO;
				SWIFT_VERSION = 5.0;
				TARGETED_DEVICE_FAMILY = "1,2";
				TEST_TARGET_NAME = SkyengApiDemo;
			};
			name = Release;
		};
/* End XCBuildConfiguration section */

/* Begin XCConfigurationList section */
		344C7DD8276B5C05005B72C4 /* Build configuration list for PBXProject "SkyengApiDemo" */ = {
			isa = XCConfigurationList;
			buildConfigurations = (
				344C7E05276B5C06005B72C4 /* Debug */,
				344C7E06276B5C06005B72C4 /* Release */,
			);
			defaultConfigurationIsVisible = 0;
			defaultConfigurationName = Release;
		};
		344C7E07276B5C06005B72C4 /* Build configuration list for PBXNativeTarget "SkyengApiDemo" */ = {
			isa = XCConfigurationList;
			buildConfigurations = (
				344C7E08276B5C06005B72C4 /* Debug */,
				344C7E09276B5C06005B72C4 /* Release */,
			);
			defaultConfigurationIsVisible = 0;
			defaultConfigurationName = Release;
		};
		344C7E0A276B5C06005B72C4 /* Build configuration list for PBXNativeTarget "SkyengApiDemoTests" */ = {
			isa = XCConfigurationList;
			buildConfigurations = (
				344C7E0B276B5C06005B72C4 /* Debug */,
				344C7E0C276B5C06005B72C4 /* Release */,
			);
			defaultConfigurationIsVisible = 0;
			defaultConfigurationName = Release;
		};
		344C7E0D276B5C06005B72C4 /* Build configuration list for PBXNativeTarget "SkyengApiDemoUITests" */ = {
			isa = XCConfigurationList;
			buildConfigurations = (
				344C7E0E276B5C06005B72C4 /* Debug */,
				344C7E0F276B5C06005B72C4 /* Release */,
			);
			defaultConfigurationIsVisible = 0;
			defaultConfigurationName = Release;
		};
/* End XCConfigurationList section */

/* Begin XCRemoteSwiftPackageReference section */
		3412513D276D704C007F2DFD /* XCRemoteSwiftPackageReference "realm-swift" */ = {
			isa = XCRemoteSwiftPackageReference;
			repositoryURL = "https://github.com/realm/realm-swift.git";
			requirement = {
				kind = upToNextMajorVersion;
				minimumVersion = 10.20.1;
			};
		};
/* End XCRemoteSwiftPackageReference section */

/* Begin XCSwiftPackageProductDependency section */
		3412513E276D704C007F2DFD /* Realm */ = {
			isa = XCSwiftPackageProductDependency;
			package = 3412513D276D704C007F2DFD /* XCRemoteSwiftPackageReference "realm-swift" */;
			productName = Realm;
		};
		34125140276D704C007F2DFD /* RealmSwift */ = {
			isa = XCSwiftPackageProductDependency;
			package = 3412513D276D704C007F2DFD /* XCRemoteSwiftPackageReference "realm-swift" */;
			productName = RealmSwift;
		};
/* End XCSwiftPackageProductDependency section */
	};
	rootObject = 344C7DD5276B5C05005B72C4 /* Project object */;
}
